
Microsoft Visual Studio Solution File, Format Version 12.00
# Visual Studio Version 17
VisualStudioVersion = 17.7.34221.43
MinimumVisualStudioVersion = 10.0.40219.1
Project("{FAE04EC0-301F-11D3-BF4B-00C04F79EFBC}") = "Store", "Store.csproj", "{B2DE994F-C385-4925-AAAE-3E221E9BF0D6}"
EndProject
Global
	GlobalSection(SolutionConfigurationPlatforms) = preSolution
		Debug|Any CPU = Debug|Any CPU
		Release|Any CPU = Release|Any CPU
	EndGlobalSection
	GlobalSection(ProjectConfigurationPlatforms) = postSolution
		{B2DE994F-C385-4925-AAAE-3E221E9BF0D6}.Debug|Any CPU.ActiveCfg = Debug|Any CPU
		{B2DE994F-C385-4925-AAAE-3E221E9BF0D6}.Debug|Any CPU.Build.0 = Debug|Any CPU
		{B2DE994F-C385-4925-AAAE-3E221E9BF0D6}.Release|Any CPU.ActiveCfg = Release|Any CPU
		{B2DE994F-C385-4925-AAAE-3E221E9BF0D6}.Release|Any CPU.Build.0 = Release|Any CPU
	EndGlobalSection
	GlobalSection(SolutionProperties) = preSolution
		HideSolutionNode = FALSE
	EndGlobalSection
	GlobalSection(ExtensibilityGlobals) = postSolution
		SolutionGuid = {8C882D12-FBEE-49C1-9699-11190FDC68E9}
	EndGlobalSection
EndGlobal
